
Microsoft Visual Studio Solution File, Format Version 12.00
# Visual Studio Version 17
VisualStudioVersion = 17.10.35027.167
MinimumVisualStudioVersion = 10.0.40219.1
Project("{FAE04EC0-301F-11D3-BF4B-00C04F79EFBC}") = "CppsArchiverAPI", "CppsArchiverAPI\CppsArchiverAPI.csproj", "{E3171221-BA4A-4526-8D49-459012301B47}"
EndProject
Project("{FAE04EC0-301F-11D3-BF4B-00C04F79EFBC}") = "CppsArchiverCLI", "CppsArchiverCLI\CppsArchiverCLI.csproj", "{89445EAE-1415-4706-9886-D0179413301E}"
EndProject
Global
	GlobalSection(SolutionConfigurationPlatforms) = preSolution
		Debug|Any CPU = Debug|Any CPU
		Release|Any CPU = Release|Any CPU
	EndGlobalSection
	GlobalSection(ProjectConfigurationPlatforms) = postSolution
		{E3171221-BA4A-4526-8D49-459012301B47}.Debug|Any CPU.ActiveCfg = Debug|Any CPU
		{E3171221-BA4A-4526-8D49-459012301B47}.Debug|Any CPU.Build.0 = Debug|Any CPU
		{E3171221-BA4A-4526-8D49-459012301B47}.Release|Any CPU.ActiveCfg = Release|Any CPU
		{E3171221-BA4A-4526-8D49-459012301B47}.Release|Any CPU.Build.0 = Release|Any CPU
		{89445EAE-1415-4706-9886-D0179413301E}.Debug|Any CPU.ActiveCfg = Debug|Any CPU
		{89445EAE-1415-4706-9886-D0179413301E}.Debug|Any CPU.Build.0 = Debug|Any CPU
		{89445EAE-1415-4706-9886-D0179413301E}.Release|Any CPU.ActiveCfg = Release|Any CPU
		{89445EAE-1415-4706-9886-D0179413301E}.Release|Any CPU.Build.0 = Release|Any CPU
	EndGlobalSection
	GlobalSection(SolutionProperties) = preSolution
		HideSolutionNode = FALSE
	EndGlobalSection
	GlobalSection(ExtensibilityGlobals) = postSolution
		SolutionGuid = {D8CA6CA8-1ADD-41CF-89B2-C70084C2749D}
	EndGlobalSection
EndGlobal
